<?xml version="1.0" encoding="utf-8"?>
<Project ToolsVersion="4.0" xmlns="http://schemas.microsoft.com/developer/msbuild/2003">
  <ItemGroup>
    <Filter Include="Source Files">
      <UniqueIdentifier>{4FC737F1-C7A5-4376-A066-2A32D752A2FF}</UniqueIdentifier>
      <Extensions>cpp;c;cc;cxx;def;odl;idl;hpj;bat;asm;asmx</Extensions>
    </Filter>
    <Filter Include="Header Files">
      <UniqueIdentifier>{93995380-89BD-4b04-88EB-625FBE52EBFB}</UniqueIdentifier>
      <Extensions>h;hpp;hxx;hm;inl;inc;xsd</Extensions>
    </Filter>
    <Filter Include="Resource Files">
      <UniqueIdentifier>{67DA6AB6-F800-4c08-8B7A-83BB121AAD01}</UniqueIdentifier>
      <Extensions>rc;ico;cur;bmp;dlg;rc2;rct;bin;rgs;gif;jpg;jpeg;jpe;resx;tiff;tif;png;wav;mfcribbon-ms</Extensions>
    </Filter>
  </ItemGroup>
  <ItemGroup>
    <Text Include="ReadMe.txt" />
  </ItemGroup>
  <ItemGroup>
    <ClInclude Include="Whorld.h">
      <Filter>Header Files</Filter>
    </ClInclude>
    <ClInclude Include="stdafx.h">
      <Filter>Header Files</Filter>
    </ClInclude>
    <ClInclude Include="targetver.h">
      <Filter>Header Files</Filter>
    </ClInclude>
    <ClInclude Include="MainFrm.h">
      <Filter>Header Files</Filter>
    </ClInclude>
    <ClInclude Include="WhorldDoc.h">
      <Filter>Header Files</Filter>
    </ClInclude>
    <ClInclude Include="WhorldView.h">
      <Filter>Header Files</Filter>
    </ClInclude>
    <ClInclude Include="Resource.h">
      <Filter>Header Files</Filter>
    </ClInclude>
    <ClInclude Include="Globals.h">
      <Filter>Header Files</Filter>
    </ClInclude>
    <ClInclude Include="Round.h">
      <Filter>Header Files</Filter>
    </ClInclude>
    <ClInclude Include="Win32Console.h">
      <Filter>Header Files</Filter>
    </ClInclude>
    <ClInclude Include="WObject.h">
      <Filter>Header Files</Filter>
    </ClInclude>
    <ClInclude Include="Wrapx64.h">
      <Filter>Header Files</Filter>
    </ClInclude>
    <ClInclude Include="WinAppCK.h">
      <Filter>Header Files</Filter>
    </ClInclude>
    <ClInclude Include="AppRegKey.h">
      <Filter>Header Files</Filter>
    </ClInclude>
    <ClInclude Include="ArrayEx.h">
      <Filter>Header Files</Filter>
    </ClInclude>
    <ClInclude Include="ArrayExAlgoDef.h">
      <Filter>Header Files</Filter>
    </ClInclude>
    <ClInclude Include="Benchmark.h">
      <Filter>Header Files</Filter>
    </ClInclude>
    <ClInclude Include="PathStr.h">
      <Filter>Header Files</Filter>
    </ClInclude>
    <ClInclude Include="VersionInfo.h">
      <Filter>Header Files</Filter>
    </ClInclude>
    <ClInclude Include="RenderThread.h">
      <Filter>Header Files</Filter>
    </ClInclude>
    <ClInclude Include="Persist.h">
      <Filter>Header Files</Filter>
    </ClInclude>
    <ClInclude Include="D2DDevCtx.h">
      <Filter>Header Files</Filter>
    </ClInclude>
    <ClInclude Include="Statistics.h">
      <Filter>Header Files</Filter>
    </ClInclude>
    <ClInclude Include="ILockRingBuf.h">
      <Filter>Header Files</Filter>
    </ClInclude>
    <ClInclude Include="WhorldBase.h">
      <Filter>Header Files</Filter>
    </ClInclude>
    <ClInclude Include="RenderWnd.h">
      <Filter>Header Files</Filter>
    </ClInclude>
    <ClInclude Include="AboutDlg.h">
      <Filter>Header Files</Filter>
    </ClInclude>
    <ClInclude Include="MainDockBarDef.h">
      <Filter>Header Files</Filter>
    </ClInclude>
    <ClInclude Include="MyDockablePane.h">
      <Filter>Header Files</Filter>
    </ClInclude>
    <ClInclude Include="ListCtrlExSel.h">
      <Filter>Header Files</Filter>
    </ClInclude>
    <ClInclude Include="RowDlg.h">
      <Filter>Header Files</Filter>
    </ClInclude>
    <ClInclude Include="RowForm.h">
      <Filter>Header Files</Filter>
    </ClInclude>
    <ClInclude Include="RowView.h">
      <Filter>Header Files</Filter>
    </ClInclude>
    <ClInclude Include="ParamsBar.h">
      <Filter>Header Files</Filter>
    </ClInclude>
    <ClInclude Include="NumEdit.h">
      <Filter>Header Files</Filter>
    </ClInclude>
    <ClInclude Include="NumSpin.h">
      <Filter>Header Files</Filter>
    </ClInclude>
    <ClInclude Include="WhorldDef.h">
      <Filter>Header Files</Filter>
    </ClInclude>
    <ClInclude Include="Version.h">
      <Filter>Header Files</Filter>
    </ClInclude>
    <ClInclude Include="WhorldThread.h">
      <Filter>Header Files</Filter>
    </ClInclude>
    <ClInclude Include="SaveObj.h">
      <Filter>Header Files</Filter>
    </ClInclude>
    <ClInclude Include="ClickSliderCtrl.h">
      <Filter>Header Files</Filter>
    </ClInclude>
    <ClInclude Include="EditSliderCtrl.h">
      <Filter>Header Files</Filter>
    </ClInclude>
    <ClInclude Include="FormatIO.h">
      <Filter>Header Files</Filter>
    </ClInclude>
    <ClInclude Include="DPoint.h">
      <Filter>Header Files</Filter>
    </ClInclude>
    <ClInclude Include="Patch.h">
      <Filter>Header Files</Filter>
    </ClInclude>
    <ClInclude Include="ParamsRowDlg.h">
      <Filter>Header Files</Filter>
    </ClInclude>
    <ClInclude Include="FocusEdit.h">
      <Filter>Header Files</Filter>
    </ClInclude>
    <ClInclude Include="MasterBar.h">
      <Filter>Header Files</Filter>
    </ClInclude>
    <ClInclude Include="MasterRowDlg.h">
      <Filter>Header Files</Filter>
    </ClInclude>
    <ClInclude Include="Undoable.h">
      <Filter>Header Files</Filter>
    </ClInclude>
    <ClInclude Include="UndoCodeData.h">
      <Filter>Header Files</Filter>
    </ClInclude>
    <ClInclude Include="UndoCodes.h">
      <Filter>Header Files</Filter>
    </ClInclude>
    <ClInclude Include="UndoManager.h">
      <Filter>Header Files</Filter>
    </ClInclude>
    <ClInclude Include="UndoState.h">
      <Filter>Header Files</Filter>
    </ClInclude>
    <ClInclude Include="UndoTest.h">
      <Filter>Header Files</Filter>
    </ClInclude>
    <ClInclude Include="UndoTypes.h">
      <Filter>Header Files</Filter>
    </ClInclude>
    <ClInclude Include="RefPtr.h">
      <Filter>Header Files</Filter>
    </ClInclude>
    <ClInclude Include="ProgressDlg.h">
      <Filter>Header Files</Filter>
    </ClInclude>
    <ClInclude Include="Range.h">
      <Filter>Header Files</Filter>
    </ClInclude>
    <ClInclude Include="RandList.h">
      <Filter>Header Files</Filter>
    </ClInclude>
    <ClInclude Include="WhorldUndoTest.h">
      <Filter>Header Files</Filter>
    </ClInclude>
    <ClInclude Include="Oscillator.h">
      <Filter>Header Files</Filter>
    </ClInclude>
    <ClInclude Include="StringTpl.h">
      <Filter>Header Files</Filter>
    </ClInclude>
    <ClInclude Include="hls.h">
      <Filter>Header Files</Filter>
    </ClInclude>
    <ClInclude Include="Options.h">
      <Filter>Header Files</Filter>
    </ClInclude>
    <ClInclude Include="OptionsDef.h">
      <Filter>Header Files</Filter>
    </ClInclude>
    <ClInclude Include="OptionsDlg.h">
      <Filter>Header Files</Filter>
    </ClInclude>
    <ClInclude Include="PropertiesGrid.h">
      <Filter>Header Files</Filter>
    </ClInclude>
    <ClInclude Include="Properties.h">
      <Filter>Header Files</Filter>
    </ClInclude>
    <ClInclude Include="RegTempl.h">
      <Filter>Header Files</Filter>
    </ClInclude>
    <ClInclude Include="RegTemplTypes.h">
      <Filter>Header Files</Filter>
    </ClInclude>
    <ClInclude Include="VariantHelper.h">
      <Filter>Header Files</Filter>
    </ClInclude>
    <ClInclude Include="D2DHelper.h">
      <Filter>Header Files</Filter>
    </ClInclude>
    <ClInclude Include="ExportDlg.h">
      <Filter>Header Files</Filter>
    </ClInclude>
  </ItemGroup>
  <ItemGroup>
    <ClCompile Include="Whorld.cpp">
      <Filter>Source Files</Filter>
    </ClCompile>
    <ClCompile Include="stdafx.cpp">
      <Filter>Source Files</Filter>
    </ClCompile>
    <ClCompile Include="MainFrm.cpp">
      <Filter>Source Files</Filter>
    </ClCompile>
    <ClCompile Include="WhorldDoc.cpp">
      <Filter>Source Files</Filter>
    </ClCompile>
    <ClCompile Include="WhorldView.cpp">
      <Filter>Source Files</Filter>
    </ClCompile>
    <ClCompile Include="Win32Console.cpp">
      <Filter>Source Files</Filter>
    </ClCompile>
    <ClCompile Include="WinAppCK.cpp">
      <Filter>Source Files</Filter>
    </ClCompile>
    <ClCompile Include="ArrayEx.cpp">
      <Filter>Source Files</Filter>
    </ClCompile>
    <ClCompile Include="Benchmark.cpp">
      <Filter>Source Files</Filter>
    </ClCompile>
    <ClCompile Include="PathStr.cpp">
      <Filter>Source Files</Filter>
    </ClCompile>
    <ClCompile Include="VersionInfo.cpp">
      <Filter>Source Files</Filter>
    </ClCompile>
    <ClCompile Include="RenderThread.cpp">
      <Filter>Source Files</Filter>
    </ClCompile>
    <ClCompile Include="Persist.cpp">
      <Filter>Source Files</Filter>
    </ClCompile>
    <ClCompile Include="D2DDevCtx.cpp">
      <Filter>Source Files</Filter>
    </ClCompile>
    <ClCompile Include="Statistics.cpp">
      <Filter>Source Files</Filter>
    </ClCompile>
    <ClCompile Include="RenderWnd.cpp">
      <Filter>Source Files</Filter>
    </ClCompile>
    <ClCompile Include="AboutDlg.cpp">
      <Filter>Source Files</Filter>
    </ClCompile>
    <ClCompile Include="MyDockablePane.cpp">
      <Filter>Source Files</Filter>
    </ClCompile>
    <ClCompile Include="ListCtrlExSel.cpp">
      <Filter>Source Files</Filter>
    </ClCompile>
    <ClCompile Include="RowDlg.cpp">
      <Filter>Source Files</Filter>
    </ClCompile>
    <ClCompile Include="RowForm.cpp">
      <Filter>Source Files</Filter>
    </ClCompile>
    <ClCompile Include="RowView.cpp">
      <Filter>Source Files</Filter>
    </ClCompile>
    <ClCompile Include="ParamsBar.cpp">
      <Filter>Source Files</Filter>
    </ClCompile>
    <ClCompile Include="NumEdit.cpp">
      <Filter>Source Files</Filter>
    </ClCompile>
    <ClCompile Include="NumSpin.cpp">
      <Filter>Source Files</Filter>
    </ClCompile>
    <ClCompile Include="WhorldThread.cpp">
      <Filter>Source Files</Filter>
    </ClCompile>
    <ClCompile Include="WhorldBase.cpp">
      <Filter>Source Files</Filter>
    </ClCompile>
    <ClCompile Include="ClickSliderCtrl.cpp">
      <Filter>Source Files</Filter>
    </ClCompile>
    <ClCompile Include="EditSliderCtrl.cpp">
      <Filter>Source Files</Filter>
    </ClCompile>
    <ClCompile Include="FormatIO.cpp">
      <Filter>Source Files</Filter>
    </ClCompile>
    <ClCompile Include="DPoint.cpp">
      <Filter>Source Files</Filter>
    </ClCompile>
    <ClCompile Include="Patch.cpp">
      <Filter>Source Files</Filter>
    </ClCompile>
    <ClCompile Include="ParamsRowDlg.cpp">
      <Filter>Source Files</Filter>
    </ClCompile>
    <ClCompile Include="FocusEdit.cpp">
      <Filter>Source Files</Filter>
    </ClCompile>
    <ClCompile Include="MasterBar.cpp">
      <Filter>Source Files</Filter>
    </ClCompile>
    <ClCompile Include="MasterRowDlg.cpp">
      <Filter>Source Files</Filter>
    </ClCompile>
    <ClCompile Include="Undoable.cpp">
      <Filter>Source Files</Filter>
    </ClCompile>
    <ClCompile Include="UndoManager.cpp">
      <Filter>Source Files</Filter>
    </ClCompile>
    <ClCompile Include="UndoState.cpp">
      <Filter>Source Files</Filter>
    </ClCompile>
    <ClCompile Include="UndoTest.cpp">
      <Filter>Source Files</Filter>
    </ClCompile>
    <ClCompile Include="ProgressDlg.cpp">
      <Filter>Source Files</Filter>
    </ClCompile>
    <ClCompile Include="RandList.cpp">
      <Filter>Source Files</Filter>
    </ClCompile>
    <ClCompile Include="WhorldUndoTest.cpp">
      <Filter>Source Files</Filter>
    </ClCompile>
    <ClCompile Include="Oscillator.cpp">
      <Filter>Source Files</Filter>
    </ClCompile>
    <ClCompile Include="hls.cpp">
      <Filter>Source Files</Filter>
    </ClCompile>
    <ClCompile Include="Options.cpp">
      <Filter>Source Files</Filter>
    </ClCompile>
    <ClCompile Include="OptionsDlg.cpp">
      <Filter>Source Files</Filter>
    </ClCompile>
    <ClCompile Include="PropertiesGrid.cpp">
      <Filter>Source Files</Filter>
    </ClCompile>
    <ClCompile Include="Properties.cpp">
      <Filter>Source Files</Filter>
    </ClCompile>
    <ClCompile Include="ExportDlg.cpp">
      <Filter>Source Files</Filter>
    </ClCompile>
  </ItemGroup>
  <ItemGroup>
    <ResourceCompile Include="Whorld.rc">
      <Filter>Resource Files</Filter>
    </ResourceCompile>
  </ItemGroup>
  <ItemGroup>
    <Image Include="UserImages.bmp">
      <Filter>Resource Files</Filter>
    </Image>
    <Image Include="res\WhorldDoc.ico">
      <Filter>Resource Files</Filter>
    </Image>
    <Image Include="res\Whorld.ico">
      <Filter>Resource Files</Filter>
    </Image>
    <Image Include="res\Toolbar.bmp">
      <Filter>Resource Files</Filter>
    </Image>
    <Image Include="res\Toolbar256.bmp">
      <Filter>Resource Files</Filter>
    </Image>
  </ItemGroup>
  <ItemGroup>
    <None Include="res\Whorld.rc2">
      <Filter>Resource Files</Filter>
    </None>
  </ItemGroup>
</Project>